{
  "R": {
    "Version": "3.6.1",
    "Repositories": [
      {
        "Name": "CRAN",
        "URL": "https://cloud.r-project.org"
      }
    ]
  },
  "Packages": {
    "BH": {
      "Package": "BH",
      "Version": "1.72.0-3",
      "Source": "CRAN"
    },
    "DBI": {
      "Package": "DBI",
      "Version": "1.1.0",
      "Source": "CRAN"
    },
    "KernSmooth": {
      "Package": "KernSmooth",
      "Version": "2.23-15",
      "Source": "CRAN"
    },
    "MASS": {
      "Package": "MASS",
      "Version": "7.3-51.4",
      "Source": "CRAN"
    },
    "Matrix": {
      "Package": "Matrix",
      "Version": "1.2-17",
      "Source": "CRAN"
    },
    "ModelMetrics": {
      "Package": "ModelMetrics",
      "Version": "1.2.2",
      "Source": "CRAN"
    },
    "R6": {
      "Package": "R6",
      "Version": "2.4.1",
      "Source": "CRAN"
    },
    "RColorBrewer": {
      "Package": "RColorBrewer",
      "Version": "1.1-2",
      "Source": "CRAN"
    },
    "Rcpp": {
      "Package": "Rcpp",
      "Version": "1.0.3",
      "Source": "CRAN"
    },
    "RcppRoll": {
      "Package": "RcppRoll",
      "Version": "0.3.0",
      "Source": "CRAN"
    },
    "SQUAREM": {
      "Package": "SQUAREM",
      "Version": "2017.10-1",
      "Source": "CRAN"
    },
    "assertthat": {
      "Package": "assertthat",
      "Version": "0.2.1",
      "Source": "CRAN"
    },
    "backports": {
      "Package": "backports",
      "Version": "1.1.5",
      "Source": "CRAN"
    },
    "callr": {
      "Package": "callr",
      "Version": "3.4.2",
      "Source": "CRAN"
    },
    "caret": {
      "Package": "caret",
      "Version": "6.0-84",
      "Source": "CRAN"
    },
    "class": {
      "Package": "class",
      "Version": "7.3-15",
      "Source": "CRAN"
    },
    "classInt": {
      "Package": "classInt",
      "Version": "0.4-2",
      "Source": "CRAN"
    },
    "cli": {
      "Package": "cli",
      "Version": "2.0.2",
      "Source": "CRAN"
    },
    "codetools": {
      "Package": "codetools",
      "Version": "0.2-16",
      "Source": "CRAN"
    },
    "colorspace": {
      "Package": "colorspace",
      "Version": "1.4-1",
      "Source": "CRAN"
    },
    "crayon": {
      "Package": "crayon",
      "Version": "1.3.4",
      "Source": "CRAN"
    },
    "data.table": {
      "Package": "data.table",
      "Version": "1.12.2",
      "Source": "CRAN"
    },
    "desc": {
      "Package": "desc",
      "Version": "1.2.0",
      "Source": "CRAN"
    },
    "digest": {
      "Package": "digest",
      "Version": "0.6.25",
      "Source": "CRAN"
    },
    "dplyr": {
      "Package": "dplyr",
      "Version": "0.8.5",
      "Source": "CRAN"
    },
    "e1071": {
      "Package": "e1071",
      "Version": "1.7-3",
      "Source": "CRAN"
    },
    "ellipsis": {
      "Package": "ellipsis",
      "Version": "0.3.0",
      "Source": "CRAN"
    },
    "evaluate": {
      "Package": "evaluate",
      "Version": "0.14",
      "Source": "CRAN"
    },
    "fansi": {
      "Package": "fansi",
      "Version": "0.4.1",
      "Source": "CRAN"
    },
    "farver": {
      "Package": "farver",
      "Version": "2.0.3",
      "Source": "CRAN"
    },
    "foreach": {
      "Package": "foreach",
      "Version": "1.4.4",
      "Source": "CRAN"
    },
    "generics": {
      "Package": "generics",
      "Version": "0.0.2",
      "Source": "CRAN"
    },
    "ggplot2": {
      "Package": "ggplot2",
      "Version": "3.3.0",
      "Source": "CRAN"
    },
    "glue": {
      "Package": "glue",
      "Version": "1.3.1",
      "Source": "CRAN"
    },
    "gower": {
      "Package": "gower",
      "Version": "0.2.0",
      "Source": "CRAN"
    },
    "gtable": {
      "Package": "gtable",
      "Version": "0.3.0",
      "Source": "CRAN"
    },
    "ipred": {
      "Package": "ipred",
      "Version": "0.9-9",
      "Source": "CRAN"
    },
    "isoband": {
      "Package": "isoband",
      "Version": "0.2.0",
      "Source": "CRAN"
    },
    "iterators": {
      "Package": "iterators",
      "Version": "1.0.10",
      "Source": "CRAN"
    },
    "labeling": {
      "Package": "labeling",
      "Version": "0.3",
      "Source": "CRAN"
    },
    "lattice": {
      "Package": "lattice",
      "Version": "0.20-38",
      "Source": "CRAN"
    },
    "lava": {
      "Package": "lava",
      "Version": "1.6.5",
      "Source": "CRAN"
    },
    "lifecycle": {
      "Package": "lifecycle",
      "Version": "0.2.0",
      "Source": "CRAN"
    },
    "lubridate": {
      "Package": "lubridate",
      "Version": "1.7.4",
      "Source": "CRAN"
    },
    "magrittr": {
      "Package": "magrittr",
      "Version": "1.5",
      "Source": "CRAN"
    },
    "mgcv": {
      "Package": "mgcv",
      "Version": "1.8-28",
      "Source": "CRAN"
    },
    "munsell": {
      "Package": "munsell",
      "Version": "0.5.0",
      "Source": "CRAN"
    },
    "nlme": {
      "Package": "nlme",
      "Version": "3.1-139",
      "Source": "CRAN"
    },
    "nnet": {
      "Package": "nnet",
      "Version": "7.3-12",
      "Source": "CRAN"
    },
    "numDeriv": {
      "Package": "numDeriv",
      "Version": "2016.8-1",
      "Source": "CRAN"
    },
    "packrat": {
      "Package": "packrat",
      "Version": "0.5.0",
      "Source": "CRAN"
    },
    "pillar": {
      "Package": "pillar",
      "Version": "1.4.3",
      "Source": "CRAN"
    },
    "pkgbuild": {
      "Package": "pkgbuild",
      "Version": "1.0.6",
      "Source": "CRAN"
    },
    "pkgconfig": {
      "Package": "pkgconfig",
      "Version": "2.0.3",
      "Source": "CRAN"
    },
    "pkgload": {
      "Package": "pkgload",
      "Version": "1.0.2",
      "Source": "CRAN"
    },
    "plogr": {
      "Package": "plogr",
      "Version": "0.2.0",
      "Source": "CRAN"
    },
    "plyr": {
      "Package": "plyr",
      "Version": "1.8.5",
      "Source": "CRAN"
    },
    "praise": {
      "Package": "praise",
      "Version": "1.0.0",
      "Source": "CRAN"
    },
    "prettyunits": {
      "Package": "prettyunits",
      "Version": "1.1.1",
      "Source": "CRAN"
    },
    "processx": {
      "Package": "processx",
      "Version": "3.4.2",
      "Source": "CRAN"
    },
    "prodlim": {
      "Package": "prodlim",
      "Version": "2018.04.18",
      "Source": "CRAN"
    },
    "ps": {
      "Package": "ps",
      "Version": "1.3.2",
      "Source": "CRAN"
    },
    "purrr": {
      "Package": "purrr",
      "Version": "0.3.3",
      "Source": "CRAN"
    },
    "raster": {
      "Package": "raster",
      "Version": "2.8-19",
      "Source": "CRAN"
    },
    "recipes": {
      "Package": "recipes",
      "Version": "0.1.5",
      "Source": "CRAN"
    },
    "reshape2": {
      "Package": "reshape2",
      "Version": "1.4.3",
      "Source": "CRAN"
    },
    "rgdal": {
      "Package": "rgdal",
      "Version": "1.4-3",
      "Source": "CRAN"
    },
    "rlang": {
      "Package": "rlang",
      "Version": "0.4.5",
      "Source": "CRAN"
    },
    "rprojroot": {
      "Package": "rprojroot",
      "Version": "1.3-2",
      "Source": "CRAN"
    },
    "rstudioapi": {
      "Package": "rstudioapi",
      "Version": "0.11",
      "Source": "CRAN"
    },
    "scales": {
      "Package": "scales",
      "Version": "1.1.0",
      "Source": "CRAN"
    },
    "sf": {
      "Package": "sf",
      "Version": "0.9-0",
      "Source": "CRAN"
    },
    "snow": {
      "Package": "snow",
      "Version": "0.4-3",
      "Source": "CRAN"
    },
    "sp": {
      "Package": "sp",
      "Version": "1.4-1",
      "Source": "CRAN"
    },
    "stringi": {
      "Package": "stringi",
      "Version": "1.4.6",
      "Source": "CRAN"
    },
    "stringr": {
      "Package": "stringr",
      "Version": "1.4.0",
      "Source": "CRAN"
    },
    "survival": {
      "Package": "survival",
      "Version": "2.44-1.1",
      "Source": "CRAN"
    },
    "testthat": {
      "Package": "testthat",
      "Version": "2.3.2",
      "Source": "CRAN"
    },
    "tibble": {
      "Package": "tibble",
      "Version": "2.1.3",
      "Source": "CRAN"
    },
    "tidyr": {
      "Package": "tidyr",
      "Version": "1.0.2",
      "Source": "CRAN"
    },
    "tidyselect": {
      "Package": "tidyselect",
      "Version": "1.0.0",
      "Source": "CRAN"
    },
    "timeDate": {
      "Package": "timeDate",
      "Version": "3043.102",
      "Source": "CRAN"
    },
    "units": {
      "Package": "units",
      "Version": "0.6-6",
      "Source": "CRAN"
    },
    "utf8": {
      "Package": "utf8",
      "Version": "1.1.4",
      "Source": "CRAN"
    },
    "vctrs": {
      "Package": "vctrs",
      "Version": "0.2.4",
      "Source": "CRAN"
    },
    "viridisLite": {
      "Package": "viridisLite",
      "Version": "0.3.0",
      "Source": "CRAN"
    },
    "withr": {
      "Package": "withr",
      "Version": "2.1.2",
      "Source": "CRAN"
    }
  }
}
